// !$*UTF8*$!
{
	archiveVersion = 1;
	classes = {
	};
	objectVersion = 55;
	objects = {

/* Begin PBXBuildFile section */
		0404E860279952C20014F95B /* AppDelegate.m in Sources */ = {isa = PBXBuildFile; fileRef = 0404E85F279952C20014F95B /* AppDelegate.m */; };
		0404E863279952C20014F95B /* SceneDelegate.m in Sources */ = {isa = PBXBuildFile; fileRef = 0404E862279952C20014F95B /* SceneDelegate.m */; };
		0404E86B279952C50014F95B /* Assets.xcassets in Resources */ = {isa = PBXBuildFile; fileRef = 0404E86A279952C50014F95B /* Assets.xcassets */; };
		0404E86E279952C50014F95B /* LaunchScreen.storyboard in Resources */ = {isa = PBXBuildFile; fileRef = 0404E86C279952C50014F95B /* LaunchScreen.storyboard */; };
		0404E871279952C50014F95B /* main.m in Sources */ = {isa = PBXBuildFile; fileRef = 0404E870279952C50014F95B /* main.m */; };
		0404E87B279952C50014F95B /* TargetAppTests.m in Sources */ = {isa = PBXBuildFile; fileRef = 0404E87A279952C50014F95B /* TargetAppTests.m */; };
		0404E885279952C60014F95B /* TargetAppUITests.m in Sources */ = {isa = PBXBuildFile; fileRef = 0404E884279952C60014F95B /* TargetAppUITests.m */; };
		0404E887279952C60014F95B /* TargetAppUITestsLaunchTests.m in Sources */ = {isa = PBXBuildFile; fileRef = 0404E886279952C60014F95B /* TargetAppUITestsLaunchTests.m */; };
		0404E897279955A00014F95B /* UIView+Toast.m in Sources */ = {isa = PBXBuildFile; fileRef = 0404E896279955A00014F95B /* UIView+Toast.m */; };
		0404E8A1279955AC0014F95B /* EncryptionTool.m in Sources */ = {isa = PBXBuildFile; fileRef = 0404E89A279955AC0014F95B /* EncryptionTool.m */; };
		0404E8A2279955AC0014F95B /* Base64.m in Sources */ = {isa = PBXBuildFile; fileRef = 0404E89E279955AC0014F95B /* Base64.m */; };
		0404E8A3279955AC0014F95B /* CocoaSecurity.m in Sources */ = {isa = PBXBuildFile; fileRef = 0404E8A0279955AC0014F95B /* CocoaSecurity.m */; };
		0404E8A7279A5FA70014F95B /* HttpRequest.m in Sources */ = {isa = PBXBuildFile; fileRef = 0404E8A5279A5FA70014F95B /* HttpRequest.m */; };
		0404E8AB279AD7040014F95B /* MBProgressHUD.m in Sources */ = {isa = PBXBuildFile; fileRef = 0404E8A9279AD7030014F95B /* MBProgressHUD.m */; };
		0404EA1F279D7A5A0014F95B /* LoginViewController.m in Sources */ = {isa = PBXBuildFile; fileRef = 0404EA1D279D7A5A0014F95B /* LoginViewController.m */; };
		0404EA20279D7A5A0014F95B /* LoginViewController.xib in Resources */ = {isa = PBXBuildFile; fileRef = 0404EA1E279D7A5A0014F95B /* LoginViewController.xib */; };
/* End PBXBuildFile section */

/* Begin PBXContainerItemProxy section */
		0404E877279952C50014F95B /* PBXContainerItemProxy */ = {
			isa = PBXContainerItemProxy;
			containerPortal = 0404E853279952C20014F95B /* Project object */;
			proxyType = 1;
			remoteGlobalIDString = 0404E85A279952C20014F95B;
			remoteInfo = TargetApp;
		};
		0404E881279952C60014F95B /* PBXContainerItemProxy */ = {
			isa = PBXContainerItemProxy;
			containerPortal = 0404E853279952C20014F95B /* Project object */;
			proxyType = 1;
			remoteGlobalIDString = 0404E85A279952C20014F95B;
			remoteInfo = TargetApp;
		};
/* End PBXContainerItemProxy section */

/* Begin PBXFileReference section */
		0404E85B279952C20014F95B /* TargetApp.app */ = {isa = PBXFileReference; explicitFileType = wrapper.application; includeInIndex = 0; path = TargetApp.app; sourceTree = BUILT_PRODUCTS_DIR; };
		0404E85E279952C20014F95B /* AppDelegate.h */ = {isa = PBXFileReference; lastKnownFileType = sourcecode.c.h; path = AppDelegate.h; sourceTree = "<group>"; };
		0404E85F279952C20014F95B /* AppDelegate.m */ = {isa = PBXFileReference; lastKnownFileType = sourcecode.c.objc; path = AppDelegate.m; sourceTree = "<group>"; };
		0404E861279952C20014F95B /* SceneDelegate.h */ = {isa = PBXFileReference; lastKnownFileType = sourcecode.c.h; path = SceneDelegate.h; sourceTree = "<group>"; };
		0404E862279952C20014F95B /* SceneDelegate.m */ = {isa = PBXFileReference; lastKnownFileType = sourcecode.c.objc; path = SceneDelegate.m; sourceTree = "<group>"; };
		0404E86A279952C50014F95B /* Assets.xcassets */ = {isa = PBXFileReference; lastKnownFileType = folder.assetcatalog; path = Assets.xcassets; sourceTree = "<group>"; };
		0404E86D279952C50014F95B /* Base */ = {isa = PBXFileReference; lastKnownFileType = file.storyboard; name = Base; path = Base.lproj/LaunchScreen.storyboard; sourceTree = "<group>"; };
		0404E86F279952C50014F95B /* Info.plist */ = {isa = PBXFileReference; lastKnownFileType = text.plist.xml; path = Info.plist; sourceTree = "<group>"; };
		0404E870279952C50014F95B /* main.m */ = {isa = PBXFileReference; lastKnownFileType = sourcecode.c.objc; path = main.m; sourceTree = "<group>"; };
		0404E876279952C50014F95B /* TargetAppTests.xctest */ = {isa = PBXFileReference; explicitFileType = wrapper.cfbundle; includeInIndex = 0; path = TargetAppTests.xctest; sourceTree = BUILT_PRODUCTS_DIR; };
		0404E87A279952C50014F95B /* TargetAppTests.m */ = {isa = PBXFileReference; lastKnownFileType = sourcecode.c.objc; path = TargetAppTests.m; sourceTree = "<group>"; };
		0404E880279952C60014F95B /* TargetAppUITests.xctest */ = {isa = PBXFileReference; explicitFileType = wrapper.cfbundle; includeInIndex = 0; path = TargetAppUITests.xctest; sourceTree = BUILT_PRODUCTS_DIR; };
		0404E884279952C60014F95B /* TargetAppUITests.m */ = {isa = PBXFileReference; lastKnownFileType = sourcecode.c.objc; path = TargetAppUITests.m; sourceTree = "<group>"; };
		0404E886279952C60014F95B /* TargetAppUITestsLaunchTests.m */ = {isa = PBXFileReference; lastKnownFileType = sourcecode.c.objc; path = TargetAppUITestsLaunchTests.m; sourceTree = "<group>"; };
		0404E895279955A00014F95B /* UIView+Toast.h */ = {isa = PBXFileReference; fileEncoding = 4; lastKnownFileType = sourcecode.c.h; path = "UIView+Toast.h"; sourceTree = "<group>"; };
		0404E896279955A00014F95B /* UIView+Toast.m */ = {isa = PBXFileReference; fileEncoding = 4; lastKnownFileType = sourcecode.c.objc; path = "UIView+Toast.m"; sourceTree = "<group>"; };
		0404E899279955AC0014F95B /* EncryptionTool.h */ = {isa = PBXFileReference; fileEncoding = 4; lastKnownFileType = sourcecode.c.h; path = EncryptionTool.h; sourceTree = "<group>"; };
		0404E89A279955AC0014F95B /* EncryptionTool.m */ = {isa = PBXFileReference; fileEncoding = 4; lastKnownFileType = sourcecode.c.objc; path = EncryptionTool.m; sourceTree = "<group>"; };
		0404E89D279955AC0014F95B /* Base64.h */ = {isa = PBXFileReference; fileEncoding = 4; lastKnownFileType = sourcecode.c.h; path = Base64.h; sourceTree = "<group>"; };
		0404E89E279955AC0014F95B /* Base64.m */ = {isa = PBXFileReference; fileEncoding = 4; lastKnownFileType = sourcecode.c.objc; path = Base64.m; sourceTree = "<group>"; };
		0404E89F279955AC0014F95B /* CocoaSecurity.h */ = {isa = PBXFileReference; fileEncoding = 4; lastKnownFileType = sourcecode.c.h; path = CocoaSecurity.h; sourceTree = "<group>"; };
		0404E8A0279955AC0014F95B /* CocoaSecurity.m */ = {isa = PBXFileReference; fileEncoding = 4; lastKnownFileType = sourcecode.c.objc; path = CocoaSecurity.m; sourceTree = "<group>"; };
		0404E8A5279A5FA70014F95B /* HttpRequest.m */ = {isa = PBXFileReference; fileEncoding = 4; lastKnownFileType = sourcecode.c.objc; path = HttpRequest.m; sourceTree = "<group>"; };
		0404E8A6279A5FA70014F95B /* HttpRequest.h */ = {isa = PBXFileReference; fileEncoding = 4; lastKnownFileType = sourcecode.c.h; path = HttpRequest.h; sourceTree = "<group>"; };
		0404E8A9279AD7030014F95B /* MBProgressHUD.m */ = {isa = PBXFileReference; fileEncoding = 4; lastKnownFileType = sourcecode.c.objc; path = MBProgressHUD.m; sourceTree = "<group>"; };
		0404E8AA279AD7030014F95B /* MBProgressHUD.h */ = {isa = PBXFileReference; fileEncoding = 4; lastKnownFileType = sourcecode.c.h; path = MBProgressHUD.h; sourceTree = "<group>"; };
		0404EA1C279D7A5A0014F95B /* LoginViewController.h */ = {isa = PBXFileReference; lastKnownFileType = sourcecode.c.h; path = LoginViewController.h; sourceTree = "<group>"; };
		0404EA1D279D7A5A0014F95B /* LoginViewController.m */ = {isa = PBXFileReference; lastKnownFileType = sourcecode.c.objc; path = LoginViewController.m; sourceTree = "<group>"; };
		0404EA1E279D7A5A0014F95B /* LoginViewController.xib */ = {isa = PBXFileReference; lastKnownFileType = file.xib; path = LoginViewController.xib; sourceTree = "<group>"; };
/* End PBXFileReference section */

/* Begin PBXFrameworksBuildPhase section */
		0404E858279952C20014F95B /* Frameworks */ = {
			isa = PBXFrameworksBuildPhase;
			buildActionMask = 2147483647;
			files = (
			);
			runOnlyForDeploymentPostprocessing = 0;
		};
		0404E873279952C50014F95B /* Frameworks */ = {
			isa = PBXFrameworksBuildPhase;
			buildActionMask = 2147483647;
			files = (
			);
			runOnlyForDeploymentPostprocessing = 0;
		};
		0404E87D279952C60014F95B /* Frameworks */ = {
			isa = PBXFrameworksBuildPhase;
			buildActionMask = 2147483647;
			files = (
			);
			runOnlyForDeploymentPostprocessing = 0;
		};
/* End PBXFrameworksBuildPhase section */

/* Begin PBXGroup section */
		0404E852279952C20014F95B = {
			isa = PBXGroup;
			children = (
				0404E85D279952C20014F95B /* TargetApp */,
				0404E879279952C50014F95B /* TargetAppTests */,
				0404E883279952C60014F95B /* TargetAppUITests */,
				0404E85C279952C20014F95B /* Products */,
			);
			sourceTree = "<group>";
		};
		0404E85C279952C20014F95B /* Products */ = {
			isa = PBXGroup;
			children = (
				0404E85B279952C20014F95B /* TargetApp.app */,
				0404E876279952C50014F95B /* TargetAppTests.xctest */,
				0404E880279952C60014F95B /* TargetAppUITests.xctest */,
			);
			name = Products;
			sourceTree = "<group>";
		};
		0404E85D279952C20014F95B /* TargetApp */ = {
			isa = PBXGroup;
			children = (
				0404EA1B279D7A220014F95B /* LoginViewController */,
				0404E8A4279A5FA60014F95B /* HttpRequest */,
				0404E893279955750014F95B /* ThirdParty */,
				0404E85E279952C20014F95B /* AppDelegate.h */,
				0404E85F279952C20014F95B /* AppDelegate.m */,
				0404E861279952C20014F95B /* SceneDelegate.h */,
				0404E862279952C20014F95B /* SceneDelegate.m */,
				0404E86A279952C50014F95B /* Assets.xcassets */,
				0404E86C279952C50014F95B /* LaunchScreen.storyboard */,
				0404E86F279952C50014F95B /* Info.plist */,
				0404E870279952C50014F95B /* main.m */,
			);
			path = TargetApp;
			sourceTree = "<group>";
		};
		0404E879279952C50014F95B /* TargetAppTests */ = {
			isa = PBXGroup;
			children = (
				0404E87A279952C50014F95B /* TargetAppTests.m */,
			);
			path = TargetAppTests;
			sourceTree = "<group>";
		};
		0404E883279952C60014F95B /* TargetAppUITests */ = {
			isa = PBXGroup;
			children = (
				0404E884279952C60014F95B /* TargetAppUITests.m */,
				0404E886279952C60014F95B /* TargetAppUITestsLaunchTests.m */,
			);
			path = TargetAppUITests;
			sourceTree = "<group>";
		};
		0404E893279955750014F95B /* ThirdParty */ = {
			isa = PBXGroup;
			children = (
				0404E8A8279AD7030014F95B /* MBProgressHUD */,
				0404E898279955AC0014F95B /* Encryption */,
				0404E894279955A00014F95B /* Toast */,
			);
			path = ThirdParty;
			sourceTree = "<group>";
		};
		0404E894279955A00014F95B /* Toast */ = {
			isa = PBXGroup;
			children = (
				0404E895279955A00014F95B /* UIView+Toast.h */,
				0404E896279955A00014F95B /* UIView+Toast.m */,
			);
			path = Toast;
			sourceTree = "<group>";
		};
		0404E898279955AC0014F95B /* Encryption */ = {
			isa = PBXGroup;
			children = (
				0404E899279955AC0014F95B /* EncryptionTool.h */,
				0404E89A279955AC0014F95B /* EncryptionTool.m */,
				0404E89B279955AC0014F95B /* CocoaSecurity */,
			);
			path = Encryption;
			sourceTree = "<group>";
		};
		0404E89B279955AC0014F95B /* CocoaSecurity */ = {
			isa = PBXGroup;
			children = (
				0404E89C279955AC0014F95B /* Base64 */,
				0404E89F279955AC0014F95B /* CocoaSecurity.h */,
				0404E8A0279955AC0014F95B /* CocoaSecurity.m */,
			);
			path = CocoaSecurity;
			sourceTree = "<group>";
		};
		0404E89C279955AC0014F95B /* Base64 */ = {
			isa = PBXGroup;
			children = (
				0404E89D279955AC0014F95B /* Base64.h */,
				0404E89E279955AC0014F95B /* Base64.m */,
			);
			path = Base64;
			sourceTree = "<group>";
		};
		0404E8A4279A5FA60014F95B /* HttpRequest */ = {
			isa = PBXGroup;
			children = (
				0404E8A6279A5FA70014F95B /* HttpRequest.h */,
				0404E8A5279A5FA70014F95B /* HttpRequest.m */,
			);
			path = HttpRequest;
			sourceTree = "<group>";
		};
		0404E8A8279AD7030014F95B /* MBProgressHUD */ = {
			isa = PBXGroup;
			children = (
				0404E8A9279AD7030014F95B /* MBProgressHUD.m */,
				0404E8AA279AD7030014F95B /* MBProgressHUD.h */,
			);
			path = MBProgressHUD;
			sourceTree = "<group>";
		};
		0404EA1B279D7A220014F95B /* LoginViewController */ = {
			isa = PBXGroup;
			children = (
				0404EA1C279D7A5A0014F95B /* LoginViewController.h */,
				0404EA1D279D7A5A0014F95B /* LoginViewController.m */,
				0404EA1E279D7A5A0014F95B /* LoginViewController.xib */,
			);
			path = LoginViewController;
			sourceTree = "<group>";
		};
/* End PBXGroup section */

/* Begin PBXNativeTarget section */
		0404E85A279952C20014F95B /* TargetApp */ = {
			isa = PBXNativeTarget;
			buildConfigurationList = 0404E88A279952C60014F95B /* Build configuration list for PBXNativeTarget "TargetApp" */;
			buildPhases = (
				0404E857279952C20014F95B /* Sources */,
				0404E858279952C20014F95B /* Frameworks */,
				0404E859279952C20014F95B /* Resources */,
			);
			buildRules = (
			);
			dependencies = (
			);
			name = TargetApp;
			productName = TargetApp;
			productReference = 0404E85B279952C20014F95B /* TargetApp.app */;
			productType = "com.apple.product-type.application";
		};
		0404E875279952C50014F95B /* TargetAppTests */ = {
			isa = PBXNativeTarget;
			buildConfigurationList = 0404E88D279952C60014F95B /* Build configuration list for PBXNativeTarget "TargetAppTests" */;
			buildPhases = (
				0404E872279952C50014F95B /* Sources */,
				0404E873279952C50014F95B /* Frameworks */,
				0404E874279952C50014F95B /* Resources */,
			);
			buildRules = (
			);
			dependencies = (
				0404E878279952C50014F95B /* PBXTargetDependency */,
			);
			name = TargetAppTests;
			productName = TargetAppTests;
			productReference = 0404E876279952C50014F95B /* TargetAppTests.xctest */;
			productType = "com.apple.product-type.bundle.unit-test";
		};
		0404E87F279952C60014F95B /* TargetAppUITests */ = {
			isa = PBXNativeTarget;
			buildConfigurationList = 0404E890279952C60014F95B /* Build configuration list for PBXNativeTarget "TargetAppUITests" */;
			buildPhases = (
				0404E87C279952C60014F95B /* Sources */,
				0404E87D279952C60014F95B /* Frameworks */,
				0404E87E279952C60014F95B /* Resources */,
			);
			buildRules = (
			);
			dependencies = (
				0404E882279952C60014F95B /* PBXTargetDependency */,
			);
			name = TargetAppUITests;
			productName = TargetAppUITests;
			productReference = 0404E880279952C60014F95B /* TargetAppUITests.xctest */;
			productType = "com.apple.product-type.bundle.ui-testing";
		};
/* End PBXNativeTarget section */

/* Begin PBXProject section */
		0404E853279952C20014F95B /* Project object */ = {
			isa = PBXProject;
			attributes = {
				BuildIndependentTargetsInParallel = 1;
				LastUpgradeCheck = 1300;
				TargetAttributes = {
					0404E85A279952C20014F95B = {
						CreatedOnToolsVersion = 13.0;
					};
					0404E875279952C50014F95B = {
						CreatedOnToolsVersion = 13.0;
						TestTargetID = 0404E85A279952C20014F95B;
					};
					0404E87F279952C60014F95B = {
						CreatedOnToolsVersion = 13.0;
						TestTargetID = 0404E85A279952C20014F95B;
					};
				};
			};
			buildConfigurationList = 0404E856279952C20014F95B /* Build configuration list for PBXProject "TargetApp" */;
			compatibilityVersion = "Xcode 13.0";
			developmentRegion = en;
			hasScannedForEncodings = 0;
			knownRegions = (
				en,
				Base,
			);
			mainGroup = 0404E852279952C20014F95B;
			productRefGroup = 0404E85C279952C20014F95B /* Products */;
			projectDirPath = "";
			projectRoot = "";
			targets = (
				0404E85A279952C20014F95B /* TargetApp */,
				0404E875279952C50014F95B /* TargetAppTests */,
				0404E87F279952C60014F95B /* TargetAppUITests */,
			);
		};
/* End PBXProject section */

/* Begin PBXResourcesBuildPhase section */
		0404E859279952C20014F95B /* Resources */ = {
			isa = PBXResourcesBuildPhase;
			buildActionMask = 2147483647;
			files = (
				0404EA20279D7A5A0014F95B /* LoginViewController.xib in Resources */,
				0404E86E279952C50014F95B /* LaunchScreen.storyboard in Resources */,
				0404E86B279952C50014F95B /* Assets.xcassets in Resources */,
			);
			runOnlyForDeploymentPostprocessing = 0;
		};
		0404E874279952C50014F95B /* Resources */ = {
			isa = PBXResourcesBuildPhase;
			buildActionMask = 2147483647;
			files = (
			);
			runOnlyForDeploymentPostprocessing = 0;
		};
		0404E87E279952C60014F95B /* Resources */ = {
			isa = PBXResourcesBuildPhase;
			buildActionMask = 2147483647;
			files = (
			);
			runOnlyForDeploymentPostprocessing = 0;
		};
/* End PBXResourcesBuildPhase section */

/* Begin PBXSourcesBuildPhase section */
		0404E857279952C20014F95B /* Sources */ = {
			isa = PBXSourcesBuildPhase;
			buildActionMask = 2147483647;
			files = (
				0404E8A2279955AC0014F95B /* Base64.m in Sources */,
				0404E8A7279A5FA70014F95B /* HttpRequest.m in Sources */,
				0404E8A1279955AC0014F95B /* EncryptionTool.m in Sources */,
				0404E860279952C20014F95B /* AppDelegate.m in Sources */,
				0404E871279952C50014F95B /* main.m in Sources */,
				0404E897279955A00014F95B /* UIView+Toast.m in Sources */,
				0404E8AB279AD7040014F95B /* MBProgressHUD.m in Sources */,
				0404E863279952C20014F95B /* SceneDelegate.m in Sources */,
				0404EA1F279D7A5A0014F95B /* LoginViewController.m in Sources */,
				0404E8A3279955AC0014F95B /* CocoaSecurity.m in Sources */,
			);
			runOnlyForDeploymentPostprocessing = 0;
		};
		0404E872279952C50014F95B /* Sources */ = {
			isa = PBXSourcesBuildPhase;
			buildActionMask = 2147483647;
			files = (
				0404E87B279952C50014F95B /* TargetAppTests.m in Sources */,
			);
			runOnlyForDeploymentPostprocessing = 0;
		};
		0404E87C279952C60014F95B /* Sources */ = {
			isa = PBXSourcesBuildPhase;
			buildActionMask = 2147483647;
			files = (
				0404E885279952C60014F95B /* TargetAppUITests.m in Sources */,
				0404E887279952C60014F95B /* TargetAppUITestsLaunchTests.m in Sources */,
			);
			runOnlyForDeploymentPostprocessing = 0;
		};
/* End PBXSourcesBuildPhase section */

/* Begin PBXTargetDependency section */
		0404E878279952C50014F95B /* PBXTargetDependency */ = {
			isa = PBXTargetDependency;
			target = 0404E85A279952C20014F95B /* TargetApp */;
			targetProxy = 0404E877279952C50014F95B /* PBXContainerItemProxy */;
		};
		0404E882279952C60014F95B /* PBXTargetDependency */ = {
			isa = PBXTargetDependency;
			target = 0404E85A279952C20014F95B /* TargetApp */;
			targetProxy = 0404E881279952C60014F95B /* PBXContainerItemProxy */;
		};
/* End PBXTargetDependency section */

/* Begin PBXVariantGroup section */
		0404E86C279952C50014F95B /* LaunchScreen.storyboard */ = {
			isa = PBXVariantGroup;
			children = (
				0404E86D279952C50014F95B /* Base */,
			);
			name = LaunchScreen.storyboard;
			sourceTree = "<group>";
		};
/* End PBXVariantGroup section */

/* Begin XCBuildConfiguration section */
		0404E888279952C60014F95B /* Debug */ = {
			isa = XCBuildConfiguration;
			buildSettings = {
				ALWAYS_SEARCH_USER_PATHS = NO;
				CLANG_ANALYZER_NONNULL = YES;
				CLANG_ANALYZER_NUMBER_OBJECT_CONVERSION = YES_AGGRESSIVE;
				CLANG_CXX_LANGUAGE_STANDARD = "gnu++17";
				CLANG_CXX_LIBRARY = "libc++";
				CLANG_ENABLE_MODULES = YES;
				CLANG_ENABLE_OBJC_ARC = YES;
				CLANG_ENABLE_OBJC_WEAK = YES;
				CLANG_WARN_BLOCK_CAPTURE_AUTORELEASING = YES;
				CLANG_WARN_BOOL_CONVERSION = YES;
				CLANG_WARN_COMMA = YES;
				CLANG_WARN_CONSTANT_CONVERSION = YES;
				CLANG_WARN_DEPRECATED_OBJC_IMPLEMENTATIONS = YES;
				CLANG_WARN_DIRECT_OBJC_ISA_USAGE = YES_ERROR;
				CLANG_WARN_DOCUMENTATION_COMMENTS = YES;
				CLANG_WARN_EMPTY_BODY = YES;
				CLANG_WARN_ENUM_CONVERSION = YES;
				CLANG_WARN_INFINITE_RECURSION = YES;
				CLANG_WARN_INT_CONVERSION = YES;
				CLANG_WARN_NON_LITERAL_NULL_CONVERSION = YES;
				CLANG_WARN_OBJC_IMPLICIT_RETAIN_SELF = YES;
				CLANG_WARN_OBJC_LITERAL_CONVERSION = YES;
				CLANG_WARN_OBJC_ROOT_CLASS = YES_ERROR;
				CLANG_WARN_QUOTED_INCLUDE_IN_FRAMEWORK_HEADER = YES;
				CLANG_WARN_RANGE_LOOP_ANALYSIS = YES;
				CLANG_WARN_STRICT_PROTOTYPES = YES;
				CLANG_WARN_SUSPICIOUS_MOVE = YES;
				CLANG_WARN_UNGUARDED_AVAILABILITY = YES_AGGRESSIVE;
				CLANG_WARN_UNREACHABLE_CODE = YES;
				CLANG_WARN__DUPLICATE_METHOD_MATCH = YES;
				COPY_PHASE_STRIP = NO;
				DEBUG_INFORMATION_FORMAT = dwarf;
				ENABLE_STRICT_OBJC_MSGSEND = YES;
				ENABLE_TESTABILITY = YES;
				GCC_C_LANGUAGE_STANDARD = gnu11;
				GCC_DYNAMIC_NO_PIC = NO;
				GCC_NO_COMMON_BLOCKS = YES;
				GCC_OPTIMIZATION_LEVEL = 0;
				GCC_PREPROCESSOR_DEFINITIONS = (
					"DEBUG=1",
					"$(inherited)",
				);
				GCC_WARN_64_TO_32_BIT_CONVERSION = YES;
				GCC_WARN_ABOUT_RETURN_TYPE = YES_ERROR;
				GCC_WARN_UNDECLARED_SELECTOR = YES;
				GCC_WARN_UNINITIALIZED_AUTOS = YES_AGGRESSIVE;
				GCC_WARN_UNUSED_FUNCTION = YES;
				GCC_WARN_UNUSED_VARIABLE = YES;
				IPHONEOS_DEPLOYMENT_TARGET = 15.0;
				MTL_ENABLE_DEBUG_INFO = INCLUDE_SOURCE;
				MTL_FAST_MATH = YES;
				ONLY_ACTIVE_ARCH = YES;
				SDKROOT = iphoneos;
			};
			name = Debug;
		};
		0404E889279952C60014F95B /* Release */ = {
			isa = XCBuildConfiguration;
			buildSettings = {
				ALWAYS_SEARCH_USER_PATHS = NO;
				CLANG_ANALYZER_NONNULL = YES;
				CLANG_ANALYZER_NUMBER_OBJECT_CONVERSION = YES_AGGRESSIVE;
				CLANG_CXX_LANGUAGE_STANDARD = "gnu++17";
				CLANG_CXX_LIBRARY = "libc++";
				CLANG_ENABLE_MODULES = YES;
				CLANG_ENABLE_OBJC_ARC = YES;
				CLANG_ENABLE_OBJC_WEAK = YES;
				CLANG_WARN_BLOCK_CAPTURE_AUTORELEASING = YES;
				CLANG_WARN_BOOL_CONVERSION = YES;
				CLANG_WARN_COMMA = YES;
				CLANG_WARN_CONSTANT_CONVERSION = YES;
				CLANG_WARN_DEPRECATED_OBJC_IMPLEMENTATIONS = YES;
				CLANG_WARN_DIRECT_OBJC_ISA_USAGE = YES_ERROR;
				CLANG_WARN_DOCUMENTATION_COMMENTS = YES;
				CLANG_WARN_EMPTY_BODY = YES;
				CLANG_WARN_ENUM_CONVERSION = YES;
				CLANG_WARN_INFINITE_RECURSION = YES;
				CLANG_WARN_INT_CONVERSION = YES;
				CLANG_WARN_NON_LITERAL_NULL_CONVERSION = YES;
				CLANG_WARN_OBJC_IMPLICIT_RETAIN_SELF = YES;
				CLANG_WARN_OBJC_LITERAL_CONVERSION = YES;
				CLANG_WARN_OBJC_ROOT_CLASS = YES_ERROR;
				CLANG_WARN_QUOTED_INCLUDE_IN_FRAMEWORK_HEADER = YES;
				CLANG_WARN_RANGE_LOOP_ANALYSIS = YES;
				CLANG_WARN_STRICT_PROTOTYPES = YES;
				CLANG_WARN_SUSPICIOUS_MOVE = YES;
				CLANG_WARN_UNGUARDED_AVAILABILITY = YES_AGGRESSIVE;
				CLANG_WARN_UNREACHABLE_CODE = YES;
				CLANG_WARN__DUPLICATE_METHOD_MATCH = YES;
				COPY_PHASE_STRIP = NO;
				DEBUG_INFORMATION_FORMAT = "dwarf-with-dsym";
				ENABLE_NS_ASSERTIONS = NO;
				ENABLE_STRICT_OBJC_MSGSEND = YES;
				GCC_C_LANGUAGE_STANDARD = gnu11;
				GCC_NO_COMMON_BLOCKS = YES;
				GCC_WARN_64_TO_32_BIT_CONVERSION = YES;
				GCC_WARN_ABOUT_RETURN_TYPE = YES_ERROR;
				GCC_WARN_UNDECLARED_SELECTOR = YES;
				GCC_WARN_UNINITIALIZED_AUTOS = YES_AGGRESSIVE;
				GCC_WARN_UNUSED_FUNCTION = YES;
				GCC_WARN_UNUSED_VARIABLE = YES;
				IPHONEOS_DEPLOYMENT_TARGET = 15.0;
				MTL_ENABLE_DEBUG_INFO = NO;
				MTL_FAST_MATH = YES;
				SDKROOT = iphoneos;
				VALIDATE_PRODUCT = YES;
			};
			name = Release;
		};
		0404E88B279952C60014F95B /* Debug */ = {
			isa = XCBuildConfiguration;
			buildSettings = {
				ASSETCATALOG_COMPILER_APPICON_NAME = AppIcon;
				ASSETCATALOG_COMPILER_GLOBAL_ACCENT_COLOR_NAME = AccentColor;
				CODE_SIGN_STYLE = Automatic;
				CURRENT_PROJECT_VERSION = 1;
				DEVELOPMENT_TEAM = X3UA5897T2;
				GENERATE_INFOPLIST_FILE = YES;
				INFOPLIST_FILE = TargetApp/Info.plist;
				INFOPLIST_KEY_UIApplicationSupportsIndirectInputEvents = YES;
				INFOPLIST_KEY_UILaunchStoryboardName = LaunchScreen;
				INFOPLIST_KEY_UISupportedInterfaceOrientations = "UIInterfaceOrientationPortrait UIInterfaceOrientationLandscapeLeft UIInterfaceOrientationLandscapeRight";
				INFOPLIST_KEY_UISupportedInterfaceOrientations_iPad = "UIInterfaceOrientationPortrait UIInterfaceOrientationPortraitUpsideDown UIInterfaceOrientationLandscapeLeft UIInterfaceOrientationLandscapeRight";
				INFOPLIST_KEY_UISupportedInterfaceOrientations_iPhone = "UIInterfaceOrientationPortrait UIInterfaceOrientationLandscapeLeft UIInterfaceOrientationLandscapeRight";
				LD_RUNPATH_SEARCH_PATHS = (
					"$(inherited)",
					"@executable_path/Frameworks",
				);
				MARKETING_VERSION = 1.0;
				PRODUCT_BUNDLE_IDENTIFIER = cn.zxlee.TargetApp;
				PRODUCT_NAME = "$(TARGET_NAME)";
				SWIFT_EMIT_LOC_STRINGS = YES;
				TARGETED_DEVICE_FAMILY = "1,2";
			};
			name = Debug;
		};
		0404E88C279952C60014F95B /* Release */ = {
			isa = XCBuildConfiguration;
			buildSettings = {
				ASSETCATALOG_COMPILER_APPICON_NAME = AppIcon;
				ASSETCATALOG_COMPILER_GLOBAL_ACCENT_COLOR_NAME = AccentColor;
				CODE_SIGN_STYLE = Automatic;
				CURRENT_PROJECT_VERSION = 1;
				DEVELOPMENT_TEAM = X3UA5897T2;
				GENERATE_INFOPLIST_FILE = YES;
				INFOPLIST_FILE = TargetApp/Info.plist;
				INFOPLIST_KEY_UIApplicationSupportsIndirectInputEvents = YES;
				INFOPLIST_KEY_UILaunchStoryboardName = LaunchScreen;
				INFOPLIST_KEY_UISupportedInterfaceOrientations = "UIInterfaceOrientationPortrait UIInterfaceOrientationLandscapeLeft UIInterfaceOrientationLandscapeRight";
				INFOPLIST_KEY_UISupportedInterfaceOrientations_iPad = "UIInterfaceOrientationPortrait UIInterfaceOrientationPortraitUpsideDown UIInterfaceOrientationLandscapeLeft UIInterfaceOrientationLandscapeRight";
				INFOPLIST_KEY_UISupportedInterfaceOrientations_iPhone = "UIInterfaceOrientationPortrait UIInterfaceOrientationLandscapeLeft UIInterfaceOrientationLandscapeRight";
				LD_RUNPATH_SEARCH_PATHS = (
					"$(inherited)",
					"@executable_path/Frameworks",
				);
				MARKETING_VERSION = 1.0;
				PRODUCT_BUNDLE_IDENTIFIER = cn.zxlee.TargetApp;
				PRODUCT_NAME = "$(TARGET_NAME)";
				SWIFT_EMIT_LOC_STRINGS = YES;
				TARGETED_DEVICE_FAMILY = "1,2";
			};
			name = Release;
		};
		0404E88E279952C60014F95B /* Debug */ = {
			isa = XCBuildConfiguration;
			buildSettings = {
				BUNDLE_LOADER = "$(TEST_HOST)";
				CODE_SIGN_STYLE = Automatic;
				CURRENT_PROJECT_VERSION = 1;
				GENERATE_INFOPLIST_FILE = YES;
				IPHONEOS_DEPLOYMENT_TARGET = 15.0;
				LD_RUNPATH_SEARCH_PATHS = (
					"$(inherited)",
					"@executable_path/Frameworks",
					"@loader_path/Frameworks",
				);
				MARKETING_VERSION = 1.0;
				PRODUCT_BUNDLE_IDENTIFIER = cn.zxlee.TargetAppTests;
				PRODUCT_NAME = "$(TARGET_NAME)";
				SWIFT_EMIT_LOC_STRINGS = NO;
				TARGETED_DEVICE_FAMILY = "1,2";
				TEST_HOST = "$(BUILT_PRODUCTS_DIR)/TargetApp.app/TargetApp";
			};
			name = Debug;
		};
		0404E88F279952C60014F95B /* Release */ = {
			isa = XCBuildConfiguration;
			buildSettings = {
				BUNDLE_LOADER = "$(TEST_HOST)";
				CODE_SIGN_STYLE = Automatic;
				CURRENT_PROJECT_VERSION = 1;
				GENERATE_INFOPLIST_FILE = YES;
				IPHONEOS_DEPLOYMENT_TARGET = 15.0;
				LD_RUNPATH_SEARCH_PATHS = (
					"$(inherited)",
					"@executable_path/Frameworks",
					"@loader_path/Frameworks",
				);
				MARKETING_VERSION = 1.0;
				PRODUCT_BUNDLE_IDENTIFIER = cn.zxlee.TargetAppTests;
				PRODUCT_NAME = "$(TARGET_NAME)";
				SWIFT_EMIT_LOC_STRINGS = NO;
				TARGETED_DEVICE_FAMILY = "1,2";
				TEST_HOST = "$(BUILT_PRODUCTS_DIR)/TargetApp.app/TargetApp";
			};
			name = Release;
		};
		0404E891279952C60014F95B /* Debug */ = {
			isa = XCBuildConfiguration;
			buildSettings = {
				CODE_SIGN_STYLE = Automatic;
				CURRENT_PROJECT_VERSION = 1;
				GENERATE_INFOPLIST_FILE = YES;
				LD_RUNPATH_SEARCH_PATHS = (
					"$(inherited)",
					"@executable_path/Frameworks",
					"@loader_path/Frameworks",
				);
				MARKETING_VERSION = 1.0;
				PRODUCT_BUNDLE_IDENTIFIER = cn.zxlee.TargetAppUITests;
				PRODUCT_NAME = "$(TARGET_NAME)";
				SWIFT_EMIT_LOC_STRINGS = NO;
				TARGETED_DEVICE_FAMILY = "1,2";
				TEST_TARGET_NAME = TargetApp;
			};
			name = Debug;
		};
		0404E892279952C60014F95B /* Release */ = {
			isa = XCBuildConfiguration;
			buildSettings = {
				CODE_SIGN_STYLE = Automatic;
				CURRENT_PROJECT_VERSION = 1;
				GENERATE_INFOPLIST_FILE = YES;
				LD_RUNPATH_SEARCH_PATHS = (
					"$(inherited)",
					"@executable_path/Frameworks",
					"@loader_path/Frameworks",
				);
				MARKETING_VERSION = 1.0;
				PRODUCT_BUNDLE_IDENTIFIER = cn.zxlee.TargetAppUITests;
				PRODUCT_NAME = "$(TARGET_NAME)";
				SWIFT_EMIT_LOC_STRINGS = NO;
				TARGETED_DEVICE_FAMILY = "1,2";
				TEST_TARGET_NAME = TargetApp;
			};
			name = Release;
		};
/* End XCBuildConfiguration section */

/* Begin XCConfigurationList section */
		0404E856279952C20014F95B /* Build configuration list for PBXProject "TargetApp" */ = {
			isa = XCConfigurationList;
			buildConfigurations = (
				0404E888279952C60014F95B /* Debug */,
				0404E889279952C60014F95B /* Release */,
			);
			defaultConfigurationIsVisible = 0;
			defaultConfigurationName = Release;
		};
		0404E88A279952C60014F95B /* Build configuration list for PBXNativeTarget "TargetApp" */ = {
			isa = XCConfigurationList;
			buildConfigurations = (
				0404E88B279952C60014F95B /* Debug */,
				0404E88C279952C60014F95B /* Release */,
			);
			defaultConfigurationIsVisible = 0;
			defaultConfigurationName = Release;
		};
		0404E88D279952C60014F95B /* Build configuration list for PBXNativeTarget "TargetAppTests" */ = {
			isa = XCConfigurationList;
			buildConfigurations = (
				0404E88E279952C60014F95B /* Debug */,
				0404E88F279952C60014F95B /* Release */,
			);
			defaultConfigurationIsVisible = 0;
			defaultConfigurationName = Release;
		};
		0404E890279952C60014F95B /* Build configuration list for PBXNativeTarget "TargetAppUITests" */ = {
			isa = XCConfigurationList;
			buildConfigurations = (
				0404E891279952C60014F95B /* Debug */,
				0404E892279952C60014F95B /* Release */,
			);
			defaultConfigurationIsVisible = 0;
			defaultConfigurationName = Release;
		};
/* End XCConfigurationList section */
	};
	rootObject = 0404E853279952C20014F95B /* Project object */;
}
